
Microsoft Visual Studio Solution File, Format Version 12.00
# Visual Studio Version 17
VisualStudioVersion = 17.9.34728.123
MinimumVisualStudioVersion = 10.0.40219.1
Project("{9A19103F-16F7-4668-BE54-9A1E7A4F7556}") = "DataAccessLayer", "DataAccessLayer\DataAccessLayer.csproj", "{6E81270D-EEF5-4051-BCC0-835CB5B626B3}"
EndProject
Project("{9A19103F-16F7-4668-BE54-9A1E7A4F7556}") = "BusinessLogicLayer", "BusinessLogicLayer\BusinessLogicLayer.csproj", "{00A0C4CE-1B16-48A1-88D2-8B914C65F592}"
EndProject
Project("{9A19103F-16F7-4668-BE54-9A1E7A4F7556}") = "PresentationLayer", "PresentationLayer\PresentationLayer.csproj", "{DCA046FC-B537-46D3-8A99-754C813E8C95}"
EndProject
Global
	GlobalSection(SolutionConfigurationPlatforms) = preSolution
		Debug|Any CPU = Debug|Any CPU
		Release|Any CPU = Release|Any CPU
	EndGlobalSection
	GlobalSection(ProjectConfigurationPlatforms) = postSolution
		{6E81270D-EEF5-4051-BCC0-835CB5B626B3}.Debug|Any CPU.ActiveCfg = Debug|Any CPU
		{6E81270D-EEF5-4051-BCC0-835CB5B626B3}.Debug|Any CPU.Build.0 = Debug|Any CPU
		{6E81270D-EEF5-4051-BCC0-835CB5B626B3}.Release|Any CPU.ActiveCfg = Release|Any CPU
		{6E81270D-EEF5-4051-BCC0-835CB5B626B3}.Release|Any CPU.Build.0 = Release|Any CPU
		{00A0C4CE-1B16-48A1-88D2-8B914C65F592}.Debug|Any CPU.ActiveCfg = Debug|Any CPU
		{00A0C4CE-1B16-48A1-88D2-8B914C65F592}.Debug|Any CPU.Build.0 = Debug|Any CPU
		{00A0C4CE-1B16-48A1-88D2-8B914C65F592}.Release|Any CPU.ActiveCfg = Release|Any CPU
		{00A0C4CE-1B16-48A1-88D2-8B914C65F592}.Release|Any CPU.Build.0 = Release|Any CPU
		{DCA046FC-B537-46D3-8A99-754C813E8C95}.Debug|Any CPU.ActiveCfg = Debug|Any CPU
		{DCA046FC-B537-46D3-8A99-754C813E8C95}.Debug|Any CPU.Build.0 = Debug|Any CPU
		{DCA046FC-B537-46D3-8A99-754C813E8C95}.Release|Any CPU.ActiveCfg = Release|Any CPU
		{DCA046FC-B537-46D3-8A99-754C813E8C95}.Release|Any CPU.Build.0 = Release|Any CPU
	EndGlobalSection
	GlobalSection(SolutionProperties) = preSolution
		HideSolutionNode = FALSE
	EndGlobalSection
	GlobalSection(ExtensibilityGlobals) = postSolution
		SolutionGuid = {715D38ED-531D-49A5-9108-914C47242D8A}
	EndGlobalSection
EndGlobal
